
Microsoft Visual Studio Solution File, Format Version 12.00
# Visual Studio 15
VisualStudioVersion = 15.0.27428.2015
MinimumVisualStudioVersion = 10.0.40219.1
Project("{FAE04EC0-301F-11D3-BF4B-00C04F79EFBC}") = "CodeJam.Shared", "CodeJam.Shared\CodeJam.Shared.csproj", "{98C14990-2445-4F0A-9FF6-4C7706C21A23}"
EndProject
Project("{FAE04EC0-301F-11D3-BF4B-00C04F79EFBC}") = "CodeJam.2018", "CodeJam.2018\CodeJam.2018.csproj", "{62553BF6-F337-4FCC-8D63-34802B77F7A5}"
EndProject
Global
	GlobalSection(SolutionConfigurationPlatforms) = preSolution
		Debug|Any CPU = Debug|Any CPU
		Release|Any CPU = Release|Any CPU
	EndGlobalSection
	GlobalSection(ProjectConfigurationPlatforms) = postSolution
		{98C14990-2445-4F0A-9FF6-4C7706C21A23}.Debug|Any CPU.ActiveCfg = Debug|Any CPU
		{98C14990-2445-4F0A-9FF6-4C7706C21A23}.Debug|Any CPU.Build.0 = Debug|Any CPU
		{98C14990-2445-4F0A-9FF6-4C7706C21A23}.Release|Any CPU.ActiveCfg = Release|Any CPU
		{98C14990-2445-4F0A-9FF6-4C7706C21A23}.Release|Any CPU.Build.0 = Release|Any CPU
		{62553BF6-F337-4FCC-8D63-34802B77F7A5}.Debug|Any CPU.ActiveCfg = Debug|Any CPU
		{62553BF6-F337-4FCC-8D63-34802B77F7A5}.Debug|Any CPU.Build.0 = Debug|Any CPU
		{62553BF6-F337-4FCC-8D63-34802B77F7A5}.Release|Any CPU.ActiveCfg = Release|Any CPU
		{62553BF6-F337-4FCC-8D63-34802B77F7A5}.Release|Any CPU.Build.0 = Release|Any CPU
	EndGlobalSection
	GlobalSection(SolutionProperties) = preSolution
		HideSolutionNode = FALSE
	EndGlobalSection
	GlobalSection(ExtensibilityGlobals) = postSolution
		SolutionGuid = {BD501F70-D10B-4575-835E-5766901B979F}
	EndGlobalSection
EndGlobal
